
Microsoft Visual Studio Solution File, Format Version 12.00
# Visual Studio Version 17
VisualStudioVersion = 17.14.36121.58 d17.14
MinimumVisualStudioVersion = 10.0.40219.1
Project("{FAE04EC0-301F-11D3-BF4B-00C04F79EFBC}") = "ConnectSphere", "ConnectSphere\ConnectSphere.csproj", "{86430B99-9628-4FB5-B337-26FF49B15E06}"
EndProject
Global
	GlobalSection(SolutionConfigurationPlatforms) = preSolution
		Debug|Any CPU = Debug|Any CPU
		Release|Any CPU = Release|Any CPU
	EndGlobalSection
	GlobalSection(ProjectConfigurationPlatforms) = postSolution
		{86430B99-9628-4FB5-B337-26FF49B15E06}.Debug|Any CPU.ActiveCfg = Debug|Any CPU
		{86430B99-9628-4FB5-B337-26FF49B15E06}.Debug|Any CPU.Build.0 = Debug|Any CPU
		{86430B99-9628-4FB5-B337-26FF49B15E06}.Release|Any CPU.ActiveCfg = Release|Any CPU
		{86430B99-9628-4FB5-B337-26FF49B15E06}.Release|Any CPU.Build.0 = Release|Any CPU
	EndGlobalSection
	GlobalSection(SolutionProperties) = preSolution
		HideSolutionNode = FALSE
	EndGlobalSection
	GlobalSection(ExtensibilityGlobals) = postSolution
		SolutionGuid = {2FD52E64-088C-47E5-B11E-0C606B03B86B}
	EndGlobalSection
EndGlobal
